
Microsoft Visual Studio Solution File, Format Version 12.00
# Visual Studio Version 16
VisualStudioVersion = 16.0.30204.135
MinimumVisualStudioVersion = 10.0.40219.1
Project("{FAE04EC0-301F-11D3-BF4B-00C04F79EFBC}") = "ConvertHTMLtoPDF", "ConvertHTMLtoPDF\ConvertHTMLtoPDF.csproj", "{9A58457F-CD35-49A8-AE92-1D37B2FB09DA}"
EndProject
Project("{FAE04EC0-301F-11D3-BF4B-00C04F79EFBC}") = "T2P.Export_HTML_To_PDF", "T2P.Export_HTML_To_PDF\T2P.Export_HTML_To_PDF.csproj", "{8967A3E4-0B0F-431E-BFEA-C39F4EDC0A11}"
EndProject
Global
	GlobalSection(SolutionConfigurationPlatforms) = preSolution
		Debug|Any CPU = Debug|Any CPU
		Release|Any CPU = Release|Any CPU
	EndGlobalSection
	GlobalSection(ProjectConfigurationPlatforms) = postSolution
		{9A58457F-CD35-49A8-AE92-1D37B2FB09DA}.Debug|Any CPU.ActiveCfg = Debug|Any CPU
		{9A58457F-CD35-49A8-AE92-1D37B2FB09DA}.Debug|Any CPU.Build.0 = Debug|Any CPU
		{9A58457F-CD35-49A8-AE92-1D37B2FB09DA}.Release|Any CPU.ActiveCfg = Release|Any CPU
		{9A58457F-CD35-49A8-AE92-1D37B2FB09DA}.Release|Any CPU.Build.0 = Release|Any CPU
		{8967A3E4-0B0F-431E-BFEA-C39F4EDC0A11}.Debug|Any CPU.ActiveCfg = Debug|Any CPU
		{8967A3E4-0B0F-431E-BFEA-C39F4EDC0A11}.Debug|Any CPU.Build.0 = Debug|Any CPU
		{8967A3E4-0B0F-431E-BFEA-C39F4EDC0A11}.Release|Any CPU.ActiveCfg = Release|Any CPU
		{8967A3E4-0B0F-431E-BFEA-C39F4EDC0A11}.Release|Any CPU.Build.0 = Release|Any CPU
	EndGlobalSection
	GlobalSection(SolutionProperties) = preSolution
		HideSolutionNode = FALSE
	EndGlobalSection
	GlobalSection(ExtensibilityGlobals) = postSolution
		SolutionGuid = {B6F1E99E-7F10-41E2-AE89-AF16EC181073}
	EndGlobalSection
EndGlobal
